// !$*UTF8*$!
{
	archiveVersion = 1;
	classes = {
	};
	objectVersion = 55;
	objects = {

/* Begin PBXBuildFile section */
		CA120E3A27E57A9700694B83 /* AppDelegate.swift in Sources */ = {isa = PBXBuildFile; fileRef = CA120E3927E57A9700694B83 /* AppDelegate.swift */; };
		CA120E3C27E57A9700694B83 /* SceneDelegate.swift in Sources */ = {isa = PBXBuildFile; fileRef = CA120E3B27E57A9700694B83 /* SceneDelegate.swift */; };
		CA120E4127E57A9700694B83 /* Main.storyboard in Resources */ = {isa = PBXBuildFile; fileRef = CA120E3F27E57A9700694B83 /* Main.storyboard */; };
		CA120E4327E57A9800694B83 /* Assets.xcassets in Resources */ = {isa = PBXBuildFile; fileRef = CA120E4227E57A9800694B83 /* Assets.xcassets */; };
		CA120E4627E57A9800694B83 /* LaunchScreen.storyboard in Resources */ = {isa = PBXBuildFile; fileRef = CA120E4427E57A9800694B83 /* LaunchScreen.storyboard */; };
		CA120E5327E5814700694B83 /* MapsSceneViewController.swift in Sources */ = {isa = PBXBuildFile; fileRef = CA120E5227E5814700694B83 /* MapsSceneViewController.swift */; };
		CA120E5527E5817D00694B83 /* MapsScenePresenter.swift in Sources */ = {isa = PBXBuildFile; fileRef = CA120E5427E5817D00694B83 /* MapsScenePresenter.swift */; };
/* End PBXBuildFile section */

/* Begin PBXFileReference section */
		CA120E3627E57A9700694B83 /* YSGBAppleMaps.app */ = {isa = PBXFileReference; explicitFileType = wrapper.application; includeInIndex = 0; path = YSGBAppleMaps.app; sourceTree = BUILT_PRODUCTS_DIR; };
		CA120E3927E57A9700694B83 /* AppDelegate.swift */ = {isa = PBXFileReference; lastKnownFileType = sourcecode.swift; path = AppDelegate.swift; sourceTree = "<group>"; };
		CA120E3B27E57A9700694B83 /* SceneDelegate.swift */ = {isa = PBXFileReference; lastKnownFileType = sourcecode.swift; path = SceneDelegate.swift; sourceTree = "<group>"; };
		CA120E4027E57A9700694B83 /* Base */ = {isa = PBXFileReference; lastKnownFileType = file.storyboard; name = Base; path = Base.lproj/Main.storyboard; sourceTree = "<group>"; };
		CA120E4227E57A9800694B83 /* Assets.xcassets */ = {isa = PBXFileReference; lastKnownFileType = folder.assetcatalog; path = Assets.xcassets; sourceTree = "<group>"; };
		CA120E4527E57A9800694B83 /* Base */ = {isa = PBXFileReference; lastKnownFileType = file.storyboard; name = Base; path = Base.lproj/LaunchScreen.storyboard; sourceTree = "<group>"; };
		CA120E4727E57A9800694B83 /* Info.plist */ = {isa = PBXFileReference; lastKnownFileType = text.plist.xml; path = Info.plist; sourceTree = "<group>"; };
		CA120E5227E5814700694B83 /* MapsSceneViewController.swift */ = {isa = PBXFileReference; lastKnownFileType = sourcecode.swift; path = MapsSceneViewController.swift; sourceTree = "<group>"; };
		CA120E5427E5817D00694B83 /* MapsScenePresenter.swift */ = {isa = PBXFileReference; lastKnownFileType = sourcecode.swift; path = MapsScenePresenter.swift; sourceTree = "<group>"; };
/* End PBXFileReference section */

/* Begin PBXFrameworksBuildPhase section */
		CA120E3327E57A9700694B83 /* Frameworks */ = {
			isa = PBXFrameworksBuildPhase;
			buildActionMask = 2147483647;
			files = (
			);
			runOnlyForDeploymentPostprocessing = 0;
		};
/* End PBXFrameworksBuildPhase section */

/* Begin PBXGroup section */
		CA120E2D27E57A9600694B83 = {
			isa = PBXGroup;
			children = (
				CA120E3827E57A9700694B83 /* YSGBAppleMaps */,
				CA120E3727E57A9700694B83 /* Products */,
			);
			sourceTree = "<group>";
		};
		CA120E3727E57A9700694B83 /* Products */ = {
			isa = PBXGroup;
			children = (
				CA120E3627E57A9700694B83 /* YSGBAppleMaps.app */,
			);
			name = Products;
			sourceTree = "<group>";
		};
		CA120E3827E57A9700694B83 /* YSGBAppleMaps */ = {
			isa = PBXGroup;
			children = (
				CA120E3927E57A9700694B83 /* AppDelegate.swift */,
				CA120E3B27E57A9700694B83 /* SceneDelegate.swift */,
				CA120E5027E5812100694B83 /* Scenes */,
				CA120E4D27E57FC700694B83 /* Storyboards */,
				CA120E4E27E57FD300694B83 /* Resources */,
				CA120E4F27E57FDC00694B83 /* Config */,
			);
			path = YSGBAppleMaps;
			sourceTree = "<group>";
		};
		CA120E4D27E57FC700694B83 /* Storyboards */ = {
			isa = PBXGroup;
			children = (
				CA120E3F27E57A9700694B83 /* Main.storyboard */,
				CA120E4427E57A9800694B83 /* LaunchScreen.storyboard */,
			);
			path = Storyboards;
			sourceTree = "<group>";
		};
		CA120E4E27E57FD300694B83 /* Resources */ = {
			isa = PBXGroup;
			children = (
				CA120E4227E57A9800694B83 /* Assets.xcassets */,
			);
			path = Resources;
			sourceTree = "<group>";
		};
		CA120E4F27E57FDC00694B83 /* Config */ = {
			isa = PBXGroup;
			children = (
				CA120E4727E57A9800694B83 /* Info.plist */,
			);
			path = Config;
			sourceTree = "<group>";
		};
		CA120E5027E5812100694B83 /* Scenes */ = {
			isa = PBXGroup;
			children = (
				CA120E5127E5812A00694B83 /* MapsScene */,
			);
			path = Scenes;
			sourceTree = "<group>";
		};
		CA120E5127E5812A00694B83 /* MapsScene */ = {
			isa = PBXGroup;
			children = (
				CA120E5227E5814700694B83 /* MapsSceneViewController.swift */,
				CA120E5427E5817D00694B83 /* MapsScenePresenter.swift */,
			);
			path = MapsScene;
			sourceTree = "<group>";
		};
/* End PBXGroup section */

/* Begin PBXNativeTarget section */
		CA120E3527E57A9700694B83 /* YSGBAppleMaps */ = {
			isa = PBXNativeTarget;
			buildConfigurationList = CA120E4A27E57A9800694B83 /* Build configuration list for PBXNativeTarget "YSGBAppleMaps" */;
			buildPhases = (
				CA120E3227E57A9700694B83 /* Sources */,
				CA120E3327E57A9700694B83 /* Frameworks */,
				CA120E3427E57A9700694B83 /* Resources */,
			);
			buildRules = (
			);
			dependencies = (
			);
			name = YSGBAppleMaps;
			productName = YSGBAppleMaps;
			productReference = CA120E3627E57A9700694B83 /* YSGBAppleMaps.app */;
			productType = "com.apple.product-type.application";
		};
/* End PBXNativeTarget section */

/* Begin PBXProject section */
		CA120E2E27E57A9600694B83 /* Project object */ = {
			isa = PBXProject;
			attributes = {
				BuildIndependentTargetsInParallel = 1;
				LastSwiftUpdateCheck = 1330;
				LastUpgradeCheck = 1330;
				TargetAttributes = {
					CA120E3527E57A9700694B83 = {
						CreatedOnToolsVersion = 13.3;
					};
				};
			};
			buildConfigurationList = CA120E3127E57A9600694B83 /* Build configuration list for PBXProject "YSGBAppleMaps" */;
			compatibilityVersion = "Xcode 13.0";
			developmentRegion = en;
			hasScannedForEncodings = 0;
			knownRegions = (
				en,
				Base,
			);
			mainGroup = CA120E2D27E57A9600694B83;
			productRefGroup = CA120E3727E57A9700694B83 /* Products */;
			projectDirPath = "";
			projectRoot = "";
			targets = (
				CA120E3527E57A9700694B83 /* YSGBAppleMaps */,
			);
		};
/* End PBXProject section */

/* Begin PBXResourcesBuildPhase section */
		CA120E3427E57A9700694B83 /* Resources */ = {
			isa = PBXResourcesBuildPhase;
			buildActionMask = 2147483647;
			files = (
				CA120E4627E57A9800694B83 /* LaunchScreen.storyboard in Resources */,
				CA120E4327E57A9800694B83 /* Assets.xcassets in Resources */,
				CA120E4127E57A9700694B83 /* Main.storyboard in Resources */,
			);
			runOnlyForDeploymentPostprocessing = 0;
		};
/* End PBXResourcesBuildPhase section */

/* Begin PBXSourcesBuildPhase section */
		CA120E3227E57A9700694B83 /* Sources */ = {
			isa = PBXSourcesBuildPhase;
			buildActionMask = 2147483647;
			files = (
				CA120E3A27E57A9700694B83 /* AppDelegate.swift in Sources */,
				CA120E5327E5814700694B83 /* MapsSceneViewController.swift in Sources */,
				CA120E5527E5817D00694B83 /* MapsScenePresenter.swift in Sources */,
				CA120E3C27E57A9700694B83 /* SceneDelegate.swift in Sources */,
			);
			runOnlyForDeploymentPostprocessing = 0;
		};
/* End PBXSourcesBuildPhase section */

/* Begin PBXVariantGroup section */
		CA120E3F27E57A9700694B83 /* Main.storyboard */ = {
			isa = PBXVariantGroup;
			children = (
				CA120E4027E57A9700694B83 /* Base */,
			);
			name = Main.storyboard;
			sourceTree = "<group>";
		};
		CA120E4427E57A9800694B83 /* LaunchScreen.storyboard */ = {
			isa = PBXVariantGroup;
			children = (
				CA120E4527E57A9800694B83 /* Base */,
			);
			name = LaunchScreen.storyboard;
			sourceTree = "<group>";
		};
/* End PBXVariantGroup section */

/* Begin XCBuildConfiguration section */
		CA120E4827E57A9800694B83 /* Debug */ = {
			isa = XCBuildConfiguration;
			buildSettings = {
				ALWAYS_SEARCH_USER_PATHS = NO;
				CLANG_ANALYZER_NONNULL = YES;
				CLANG_ANALYZER_NUMBER_OBJECT_CONVERSION = YES_AGGRESSIVE;
				CLANG_CXX_LANGUAGE_STANDARD = "gnu++17";
				CLANG_ENABLE_MODULES = YES;
				CLANG_ENABLE_OBJC_ARC = YES;
				CLANG_ENABLE_OBJC_WEAK = YES;
				CLANG_WARN_BLOCK_CAPTURE_AUTORELEASING = YES;
				CLANG_WARN_BOOL_CONVERSION = YES;
				CLANG_WARN_COMMA = YES;
				CLANG_WARN_CONSTANT_CONVERSION = YES;
				CLANG_WARN_DEPRECATED_OBJC_IMPLEMENTATIONS = YES;
				CLANG_WARN_DIRECT_OBJC_ISA_USAGE = YES_ERROR;
				CLANG_WARN_DOCUMENTATION_COMMENTS = YES;
				CLANG_WARN_EMPTY_BODY = YES;
				CLANG_WARN_ENUM_CONVERSION = YES;
				CLANG_WARN_INFINITE_RECURSION = YES;
				CLANG_WARN_INT_CONVERSION = YES;
				CLANG_WARN_NON_LITERAL_NULL_CONVERSION = YES;
				CLANG_WARN_OBJC_IMPLICIT_RETAIN_SELF = YES;
				CLANG_WARN_OBJC_LITERAL_CONVERSION = YES;
				CLANG_WARN_OBJC_ROOT_CLASS = YES_ERROR;
				CLANG_WARN_QUOTED_INCLUDE_IN_FRAMEWORK_HEADER = YES;
				CLANG_WARN_RANGE_LOOP_ANALYSIS = YES;
				CLANG_WARN_STRICT_PROTOTYPES = YES;
				CLANG_WARN_SUSPICIOUS_MOVE = YES;
				CLANG_WARN_UNGUARDED_AVAILABILITY = YES_AGGRESSIVE;
				CLANG_WARN_UNREACHABLE_CODE = YES;
				CLANG_WARN__DUPLICATE_METHOD_MATCH = YES;
				COPY_PHASE_STRIP = NO;
				DEBUG_INFORMATION_FORMAT = dwarf;
				ENABLE_STRICT_OBJC_MSGSEND = YES;
				ENABLE_TESTABILITY = YES;
				GCC_C_LANGUAGE_STANDARD = gnu11;
				GCC_DYNAMIC_NO_PIC = NO;
				GCC_NO_COMMON_BLOCKS = YES;
				GCC_OPTIMIZATION_LEVEL = 0;
				GCC_PREPROCESSOR_DEFINITIONS = (
					"DEBUG=1",
					"$(inherited)",
				);
				GCC_WARN_64_TO_32_BIT_CONVERSION = YES;
				GCC_WARN_ABOUT_RETURN_TYPE = YES_ERROR;
				GCC_WARN_UNDECLARED_SELECTOR = YES;
				GCC_WARN_UNINITIALIZED_AUTOS = YES_AGGRESSIVE;
				GCC_WARN_UNUSED_FUNCTION = YES;
				GCC_WARN_UNUSED_VARIABLE = YES;
				IPHONEOS_DEPLOYMENT_TARGET = 15.4;
				MTL_ENABLE_DEBUG_INFO = INCLUDE_SOURCE;
				MTL_FAST_MATH = YES;
				ONLY_ACTIVE_ARCH = YES;
				SDKROOT = iphoneos;
				SWIFT_ACTIVE_COMPILATION_CONDITIONS = DEBUG;
				SWIFT_OPTIMIZATION_LEVEL = "-Onone";
			};
			name = Debug;
		};
		CA120E4927E57A9800694B83 /* Release */ = {
			isa = XCBuildConfiguration;
			buildSettings = {
				ALWAYS_SEARCH_USER_PATHS = NO;
				CLANG_ANALYZER_NONNULL = YES;
				CLANG_ANALYZER_NUMBER_OBJECT_CONVERSION = YES_AGGRESSIVE;
				CLANG_CXX_LANGUAGE_STANDARD = "gnu++17";
				CLANG_ENABLE_MODULES = YES;
				CLANG_ENABLE_OBJC_ARC = YES;
				CLANG_ENABLE_OBJC_WEAK = YES;
				CLANG_WARN_BLOCK_CAPTURE_AUTORELEASING = YES;
				CLANG_WARN_BOOL_CONVERSION = YES;
				CLANG_WARN_COMMA = YES;
				CLANG_WARN_CONSTANT_CONVERSION = YES;
				CLANG_WARN_DEPRECATED_OBJC_IMPLEMENTATIONS = YES;
				CLANG_WARN_DIRECT_OBJC_ISA_USAGE = YES_ERROR;
				CLANG_WARN_DOCUMENTATION_COMMENTS = YES;
				CLANG_WARN_EMPTY_BODY = YES;
				CLANG_WARN_ENUM_CONVERSION = YES;
				CLANG_WARN_INFINITE_RECURSION = YES;
				CLANG_WARN_INT_CONVERSION = YES;
				CLANG_WARN_NON_LITERAL_NULL_CONVERSION = YES;
				CLANG_WARN_OBJC_IMPLICIT_RETAIN_SELF = YES;
				CLANG_WARN_OBJC_LITERAL_CONVERSION = YES;
				CLANG_WARN_OBJC_ROOT_CLASS = YES_ERROR;
				CLANG_WARN_QUOTED_INCLUDE_IN_FRAMEWORK_HEADER = YES;
				CLANG_WARN_RANGE_LOOP_ANALYSIS = YES;
				CLANG_WARN_STRICT_PROTOTYPES = YES;
				CLANG_WARN_SUSPICIOUS_MOVE = YES;
				CLANG_WARN_UNGUARDED_AVAILABILITY = YES_AGGRESSIVE;
				CLANG_WARN_UNREACHABLE_CODE = YES;
				CLANG_WARN__DUPLICATE_METHOD_MATCH = YES;
				COPY_PHASE_STRIP = NO;
				DEBUG_INFORMATION_FORMAT = "dwarf-with-dsym";
				ENABLE_NS_ASSERTIONS = NO;
				ENABLE_STRICT_OBJC_MSGSEND = YES;
				GCC_C_LANGUAGE_STANDARD = gnu11;
				GCC_NO_COMMON_BLOCKS = YES;
				GCC_WARN_64_TO_32_BIT_CONVERSION = YES;
				GCC_WARN_ABOUT_RETURN_TYPE = YES_ERROR;
				GCC_WARN_UNDECLARED_SELECTOR = YES;
				GCC_WARN_UNINITIALIZED_AUTOS = YES_AGGRESSIVE;
				GCC_WARN_UNUSED_FUNCTION = YES;
				GCC_WARN_UNUSED_VARIABLE = YES;
				IPHONEOS_DEPLOYMENT_TARGET = 15.4;
				MTL_ENABLE_DEBUG_INFO = NO;
				MTL_FAST_MATH = YES;
				SDKROOT = iphoneos;
				SWIFT_COMPILATION_MODE = wholemodule;
				SWIFT_OPTIMIZATION_LEVEL = "-O";
				VALIDATE_PRODUCT = YES;
			};
			name = Release;
		};
		CA120E4B27E57A9800694B83 /* Debug */ = {
			isa = XCBuildConfiguration;
			buildSettings = {
				ASSETCATALOG_COMPILER_APPICON_NAME = AppIcon;
				ASSETCATALOG_COMPILER_GLOBAL_ACCENT_COLOR_NAME = AccentColor;
				CODE_SIGN_STYLE = Automatic;
				CURRENT_PROJECT_VERSION = 1;
				DEVELOPMENT_TEAM = 4NK62H99X6;
				GENERATE_INFOPLIST_FILE = YES;
				INFOPLIST_FILE = YSGBAppleMaps/Config/Info.plist;
				INFOPLIST_KEY_UIApplicationSupportsIndirectInputEvents = YES;
				INFOPLIST_KEY_UILaunchStoryboardName = LaunchScreen;
				INFOPLIST_KEY_UIMainStoryboardFile = Main;
				INFOPLIST_KEY_UISupportedInterfaceOrientations = "UIInterfaceOrientationPortrait UIInterfaceOrientationPortraitUpsideDown";
				INFOPLIST_KEY_UISupportedInterfaceOrientations_iPad = "UIInterfaceOrientationPortrait UIInterfaceOrientationPortraitUpsideDown UIInterfaceOrientationLandscapeLeft UIInterfaceOrientationLandscapeRight";
				INFOPLIST_KEY_UISupportedInterfaceOrientations_iPhone = "UIInterfaceOrientationPortrait UIInterfaceOrientationLandscapeLeft UIInterfaceOrientationLandscapeRight";
				LD_RUNPATH_SEARCH_PATHS = (
					"$(inherited)",
					"@executable_path/Frameworks",
				);
				MARKETING_VERSION = 1.0;
				PRODUCT_BUNDLE_IDENTIFIER = com.jareksedy.YSGBAppleMaps;
				PRODUCT_NAME = "$(TARGET_NAME)";
				SWIFT_EMIT_LOC_STRINGS = YES;
				SWIFT_VERSION = 5.0;
				TARGETED_DEVICE_FAMILY = "1,2";
			};
			name = Debug;
		};
		CA120E4C27E57A9800694B83 /* Release */ = {
			isa = XCBuildConfiguration;
			buildSettings = {
				ASSETCATALOG_COMPILER_APPICON_NAME = AppIcon;
				ASSETCATALOG_COMPILER_GLOBAL_ACCENT_COLOR_NAME = AccentColor;
				CODE_SIGN_STYLE = Automatic;
				CURRENT_PROJECT_VERSION = 1;
				DEVELOPMENT_TEAM = 4NK62H99X6;
				GENERATE_INFOPLIST_FILE = YES;
				INFOPLIST_FILE = YSGBAppleMaps/Config/Info.plist;
				INFOPLIST_KEY_UIApplicationSupportsIndirectInputEvents = YES;
				INFOPLIST_KEY_UILaunchStoryboardName = LaunchScreen;
				INFOPLIST_KEY_UIMainStoryboardFile = Main;
				INFOPLIST_KEY_UISupportedInterfaceOrientations = "UIInterfaceOrientationPortrait UIInterfaceOrientationPortraitUpsideDown";
				INFOPLIST_KEY_UISupportedInterfaceOrientations_iPad = "UIInterfaceOrientationPortrait UIInterfaceOrientationPortraitUpsideDown UIInterfaceOrientationLandscapeLeft UIInterfaceOrientationLandscapeRight";
				INFOPLIST_KEY_UISupportedInterfaceOrientations_iPhone = "UIInterfaceOrientationPortrait UIInterfaceOrientationLandscapeLeft UIInterfaceOrientationLandscapeRight";
				LD_RUNPATH_SEARCH_PATHS = (
					"$(inherited)",
					"@executable_path/Frameworks",
				);
				MARKETING_VERSION = 1.0;
				PRODUCT_BUNDLE_IDENTIFIER = com.jareksedy.YSGBAppleMaps;
				PRODUCT_NAME = "$(TARGET_NAME)";
				SWIFT_EMIT_LOC_STRINGS = YES;
				SWIFT_VERSION = 5.0;
				TARGETED_DEVICE_FAMILY = "1,2";
			};
			name = Release;
		};
/* End XCBuildConfiguration section */

/* Begin XCConfigurationList section */
		CA120E3127E57A9600694B83 /* Build configuration list for PBXProject "YSGBAppleMaps" */ = {
			isa = XCConfigurationList;
			buildConfigurations = (
				CA120E4827E57A9800694B83 /* Debug */,
				CA120E4927E57A9800694B83 /* Release */,
			);
			defaultConfigurationIsVisible = 0;
			defaultConfigurationName = Release;
		};
		CA120E4A27E57A9800694B83 /* Build configuration list for PBXNativeTarget "YSGBAppleMaps" */ = {
			isa = XCConfigurationList;
			buildConfigurations = (
				CA120E4B27E57A9800694B83 /* Debug */,
				CA120E4C27E57A9800694B83 /* Release */,
			);
			defaultConfigurationIsVisible = 0;
			defaultConfigurationName = Release;
		};
/* End XCConfigurationList section */
	};
	rootObject = CA120E2E27E57A9600694B83 /* Project object */;
}
